
Microsoft Visual Studio Solution File, Format Version 12.00
# Visual Studio Version 17
VisualStudioVersion = 17.1.32319.34
MinimumVisualStudioVersion = 10.0.40219.1
Project("{9A19103F-16F7-4668-BE54-9A1E7A4F7556}") = "GatewayFramework", "GatewayFramework\GatewayFramework.csproj", "{6D484915-6941-4BD6-966D-AF58D4117090}"
EndProject
Project("{FAE04EC0-301F-11D3-BF4B-00C04F79EFBC}") = "GatewayFramework.Demo", "GatewayFramework.Demo\GatewayFramework.Demo.csproj", "{0CE105B8-B0E8-40F6-AF9B-696BAB0BF0AF}"
EndProject
Project("{FAE04EC0-301F-11D3-BF4B-00C04F79EFBC}") = "GatewayFramework.Tests.Demo", "GatewayFramework.Tests.Demo\GatewayFramework.Tests.Demo.csproj", "{C5314F41-E519-465F-8AF5-832BBC9C1049}"
EndProject
Global
	GlobalSection(SolutionConfigurationPlatforms) = preSolution
		Debug|Any CPU = Debug|Any CPU
		Release|Any CPU = Release|Any CPU
	EndGlobalSection
	GlobalSection(ProjectConfigurationPlatforms) = postSolution
		{6D484915-6941-4BD6-966D-AF58D4117090}.Debug|Any CPU.ActiveCfg = Debug|Any CPU
		{6D484915-6941-4BD6-966D-AF58D4117090}.Debug|Any CPU.Build.0 = Debug|Any CPU
		{6D484915-6941-4BD6-966D-AF58D4117090}.Release|Any CPU.ActiveCfg = Release|Any CPU
		{6D484915-6941-4BD6-966D-AF58D4117090}.Release|Any CPU.Build.0 = Release|Any CPU
		{0CE105B8-B0E8-40F6-AF9B-696BAB0BF0AF}.Debug|Any CPU.ActiveCfg = Debug|Any CPU
		{0CE105B8-B0E8-40F6-AF9B-696BAB0BF0AF}.Debug|Any CPU.Build.0 = Debug|Any CPU
		{0CE105B8-B0E8-40F6-AF9B-696BAB0BF0AF}.Release|Any CPU.ActiveCfg = Release|Any CPU
		{C5314F41-E519-465F-8AF5-832BBC9C1049}.Debug|Any CPU.ActiveCfg = Debug|Any CPU
		{C5314F41-E519-465F-8AF5-832BBC9C1049}.Debug|Any CPU.Build.0 = Debug|Any CPU
		{C5314F41-E519-465F-8AF5-832BBC9C1049}.Release|Any CPU.ActiveCfg = Release|Any CPU
	EndGlobalSection
	GlobalSection(SolutionProperties) = preSolution
		HideSolutionNode = FALSE
	EndGlobalSection
	GlobalSection(ExtensibilityGlobals) = postSolution
		SolutionGuid = {AEA029FD-3606-431E-9E3C-058444BE7AA0}
	EndGlobalSection
EndGlobal
